
Microsoft Visual Studio Solution File, Format Version 12.00
# Visual Studio Version 17
VisualStudioVersion = 17.6.33815.320
MinimumVisualStudioVersion = 10.0.40219.1
Project("{FAE04EC0-301F-11D3-BF4B-00C04F79EFBC}") = "TranslationsTask", "TranslationsTask.csproj", "{A5D03139-4B97-4D65-8A5B-1C652B62609C}"
EndProject
Global
	GlobalSection(SolutionConfigurationPlatforms) = preSolution
		Debug|Any CPU = Debug|Any CPU
		Release|Any CPU = Release|Any CPU
	EndGlobalSection
	GlobalSection(ProjectConfigurationPlatforms) = postSolution
		{A5D03139-4B97-4D65-8A5B-1C652B62609C}.Debug|Any CPU.ActiveCfg = Debug|Any CPU
		{A5D03139-4B97-4D65-8A5B-1C652B62609C}.Debug|Any CPU.Build.0 = Debug|Any CPU
		{A5D03139-4B97-4D65-8A5B-1C652B62609C}.Release|Any CPU.ActiveCfg = Release|Any CPU
		{A5D03139-4B97-4D65-8A5B-1C652B62609C}.Release|Any CPU.Build.0 = Release|Any CPU
	EndGlobalSection
	GlobalSection(SolutionProperties) = preSolution
		HideSolutionNode = FALSE
	EndGlobalSection
	GlobalSection(ExtensibilityGlobals) = postSolution
		SolutionGuid = {BC2E3820-A255-4868-ABB1-7B8DD02E1C33}
	EndGlobalSection
EndGlobal
